// !$*UTF8*$!
{
	archiveVersion = 1;
	classes = {
	};
	objectVersion = 55;
	objects = {

/* Begin PBXBuildFile section */
		3445F69026A6EB0D00765994 /* AppDelegate.swift in Sources */ = {isa = PBXBuildFile; fileRef = 3445F68F26A6EB0D00765994 /* AppDelegate.swift */; };
		3445F69226A6EB0D00765994 /* SceneDelegate.swift in Sources */ = {isa = PBXBuildFile; fileRef = 3445F69126A6EB0D00765994 /* SceneDelegate.swift */; };
		3445F69426A6EB0D00765994 /* ViewController.swift in Sources */ = {isa = PBXBuildFile; fileRef = 3445F69326A6EB0D00765994 /* ViewController.swift */; };
		3445F69726A6EB0D00765994 /* Main.storyboard in Resources */ = {isa = PBXBuildFile; fileRef = 3445F69526A6EB0D00765994 /* Main.storyboard */; };
		3445F69926A6EB0F00765994 /* Assets.xcassets in Resources */ = {isa = PBXBuildFile; fileRef = 3445F69826A6EB0F00765994 /* Assets.xcassets */; };
		3445F69C26A6EB0F00765994 /* LaunchScreen.storyboard in Resources */ = {isa = PBXBuildFile; fileRef = 3445F69A26A6EB0F00765994 /* LaunchScreen.storyboard */; };
		3445F6A426A7F67400765994 /* Constants.swift in Sources */ = {isa = PBXBuildFile; fileRef = 3445F6A326A7F67400765994 /* Constants.swift */; };
		3445F6A626A7FB0600765994 /* Video.swift in Sources */ = {isa = PBXBuildFile; fileRef = 3445F6A526A7FB0600765994 /* Video.swift */; };
		3445F6A826A7FB8A00765994 /* Model.swift in Sources */ = {isa = PBXBuildFile; fileRef = 3445F6A726A7FB8A00765994 /* Model.swift */; };
		3445F6AA26A8082700765994 /* Response.swift in Sources */ = {isa = PBXBuildFile; fileRef = 3445F6A926A8082700765994 /* Response.swift */; };
		3445F6AC26AE9E5C00765994 /* ConstantsTemplate.swift in Sources */ = {isa = PBXBuildFile; fileRef = 3445F6AB26AE9E5C00765994 /* ConstantsTemplate.swift */; };
/* End PBXBuildFile section */

/* Begin PBXFileReference section */
		3445F68C26A6EB0D00765994 /* youtube-onedaybuild.app */ = {isa = PBXFileReference; explicitFileType = wrapper.application; includeInIndex = 0; path = "youtube-onedaybuild.app"; sourceTree = BUILT_PRODUCTS_DIR; };
		3445F68F26A6EB0D00765994 /* AppDelegate.swift */ = {isa = PBXFileReference; lastKnownFileType = sourcecode.swift; path = AppDelegate.swift; sourceTree = "<group>"; };
		3445F69126A6EB0D00765994 /* SceneDelegate.swift */ = {isa = PBXFileReference; lastKnownFileType = sourcecode.swift; path = SceneDelegate.swift; sourceTree = "<group>"; };
		3445F69326A6EB0D00765994 /* ViewController.swift */ = {isa = PBXFileReference; lastKnownFileType = sourcecode.swift; path = ViewController.swift; sourceTree = "<group>"; };
		3445F69626A6EB0D00765994 /* Base */ = {isa = PBXFileReference; lastKnownFileType = file.storyboard; name = Base; path = Base.lproj/Main.storyboard; sourceTree = "<group>"; };
		3445F69826A6EB0F00765994 /* Assets.xcassets */ = {isa = PBXFileReference; lastKnownFileType = folder.assetcatalog; path = Assets.xcassets; sourceTree = "<group>"; };
		3445F69B26A6EB0F00765994 /* Base */ = {isa = PBXFileReference; lastKnownFileType = file.storyboard; name = Base; path = Base.lproj/LaunchScreen.storyboard; sourceTree = "<group>"; };
		3445F69D26A6EB0F00765994 /* Info.plist */ = {isa = PBXFileReference; lastKnownFileType = text.plist.xml; path = Info.plist; sourceTree = "<group>"; };
		3445F6A326A7F67400765994 /* Constants.swift */ = {isa = PBXFileReference; lastKnownFileType = sourcecode.swift; path = Constants.swift; sourceTree = "<group>"; };
		3445F6A526A7FB0600765994 /* Video.swift */ = {isa = PBXFileReference; lastKnownFileType = sourcecode.swift; path = Video.swift; sourceTree = "<group>"; };
		3445F6A726A7FB8A00765994 /* Model.swift */ = {isa = PBXFileReference; lastKnownFileType = sourcecode.swift; path = Model.swift; sourceTree = "<group>"; };
		3445F6A926A8082700765994 /* Response.swift */ = {isa = PBXFileReference; lastKnownFileType = sourcecode.swift; path = Response.swift; sourceTree = "<group>"; };
		3445F6AB26AE9E5C00765994 /* ConstantsTemplate.swift */ = {isa = PBXFileReference; lastKnownFileType = sourcecode.swift; path = ConstantsTemplate.swift; sourceTree = "<group>"; };
/* End PBXFileReference section */

/* Begin PBXFrameworksBuildPhase section */
		3445F68926A6EB0D00765994 /* Frameworks */ = {
			isa = PBXFrameworksBuildPhase;
			buildActionMask = 2147483647;
			files = (
			);
			runOnlyForDeploymentPostprocessing = 0;
		};
/* End PBXFrameworksBuildPhase section */

/* Begin PBXGroup section */
		3445F68326A6EB0D00765994 = {
			isa = PBXGroup;
			children = (
				3445F68E26A6EB0D00765994 /* youtube-onedaybuild */,
				3445F68D26A6EB0D00765994 /* Products */,
			);
			sourceTree = "<group>";
		};
		3445F68D26A6EB0D00765994 /* Products */ = {
			isa = PBXGroup;
			children = (
				3445F68C26A6EB0D00765994 /* youtube-onedaybuild.app */,
			);
			name = Products;
			sourceTree = "<group>";
		};
		3445F68E26A6EB0D00765994 /* youtube-onedaybuild */ = {
			isa = PBXGroup;
			children = (
				3445F68F26A6EB0D00765994 /* AppDelegate.swift */,
				3445F69126A6EB0D00765994 /* SceneDelegate.swift */,
				3445F69326A6EB0D00765994 /* ViewController.swift */,
				3445F6A326A7F67400765994 /* Constants.swift */,
				3445F6AB26AE9E5C00765994 /* ConstantsTemplate.swift */,
				3445F6A526A7FB0600765994 /* Video.swift */,
				3445F6A726A7FB8A00765994 /* Model.swift */,
				3445F6A926A8082700765994 /* Response.swift */,
				3445F69526A6EB0D00765994 /* Main.storyboard */,
				3445F69A26A6EB0F00765994 /* LaunchScreen.storyboard */,
				3445F69826A6EB0F00765994 /* Assets.xcassets */,
				3445F69D26A6EB0F00765994 /* Info.plist */,
			);
			path = "youtube-onedaybuild";
			sourceTree = "<group>";
		};
/* End PBXGroup section */

/* Begin PBXNativeTarget section */
		3445F68B26A6EB0D00765994 /* youtube-onedaybuild */ = {
			isa = PBXNativeTarget;
			buildConfigurationList = 3445F6A026A6EB0F00765994 /* Build configuration list for PBXNativeTarget "youtube-onedaybuild" */;
			buildPhases = (
				3445F68826A6EB0D00765994 /* Sources */,
				3445F68926A6EB0D00765994 /* Frameworks */,
				3445F68A26A6EB0D00765994 /* Resources */,
			);
			buildRules = (
			);
			dependencies = (
			);
			name = "youtube-onedaybuild";
			productName = "youtube-onedaybuild";
			productReference = 3445F68C26A6EB0D00765994 /* youtube-onedaybuild.app */;
			productType = "com.apple.product-type.application";
		};
/* End PBXNativeTarget section */

/* Begin PBXProject section */
		3445F68426A6EB0D00765994 /* Project object */ = {
			isa = PBXProject;
			attributes = {
				BuildIndependentTargetsInParallel = 1;
				LastSwiftUpdateCheck = 1300;
				LastUpgradeCheck = 1300;
				TargetAttributes = {
					3445F68B26A6EB0D00765994 = {
						CreatedOnToolsVersion = 13.0;
					};
				};
			};
			buildConfigurationList = 3445F68726A6EB0D00765994 /* Build configuration list for PBXProject "youtube-onedaybuild" */;
			compatibilityVersion = "Xcode 13.0";
			developmentRegion = en;
			hasScannedForEncodings = 0;
			knownRegions = (
				en,
				Base,
			);
			mainGroup = 3445F68326A6EB0D00765994;
			productRefGroup = 3445F68D26A6EB0D00765994 /* Products */;
			projectDirPath = "";
			projectRoot = "";
			targets = (
				3445F68B26A6EB0D00765994 /* youtube-onedaybuild */,
			);
		};
/* End PBXProject section */

/* Begin PBXResourcesBuildPhase section */
		3445F68A26A6EB0D00765994 /* Resources */ = {
			isa = PBXResourcesBuildPhase;
			buildActionMask = 2147483647;
			files = (
				3445F69C26A6EB0F00765994 /* LaunchScreen.storyboard in Resources */,
				3445F69926A6EB0F00765994 /* Assets.xcassets in Resources */,
				3445F69726A6EB0D00765994 /* Main.storyboard in Resources */,
			);
			runOnlyForDeploymentPostprocessing = 0;
		};
/* End PBXResourcesBuildPhase section */

/* Begin PBXSourcesBuildPhase section */
		3445F68826A6EB0D00765994 /* Sources */ = {
			isa = PBXSourcesBuildPhase;
			buildActionMask = 2147483647;
			files = (
				3445F69426A6EB0D00765994 /* ViewController.swift in Sources */,
				3445F69026A6EB0D00765994 /* AppDelegate.swift in Sources */,
				3445F69226A6EB0D00765994 /* SceneDelegate.swift in Sources */,
				3445F6AC26AE9E5C00765994 /* ConstantsTemplate.swift in Sources */,
				3445F6A826A7FB8A00765994 /* Model.swift in Sources */,
				3445F6A426A7F67400765994 /* Constants.swift in Sources */,
				3445F6A626A7FB0600765994 /* Video.swift in Sources */,
				3445F6AA26A8082700765994 /* Response.swift in Sources */,
			);
			runOnlyForDeploymentPostprocessing = 0;
		};
/* End PBXSourcesBuildPhase section */

/* Begin PBXVariantGroup section */
		3445F69526A6EB0D00765994 /* Main.storyboard */ = {
			isa = PBXVariantGroup;
			children = (
				3445F69626A6EB0D00765994 /* Base */,
			);
			name = Main.storyboard;
			sourceTree = "<group>";
		};
		3445F69A26A6EB0F00765994 /* LaunchScreen.storyboard */ = {
			isa = PBXVariantGroup;
			children = (
				3445F69B26A6EB0F00765994 /* Base */,
			);
			name = LaunchScreen.storyboard;
			sourceTree = "<group>";
		};
/* End PBXVariantGroup section */

/* Begin XCBuildConfiguration section */
		3445F69E26A6EB0F00765994 /* Debug */ = {
			isa = XCBuildConfiguration;
			buildSettings = {
				ALWAYS_SEARCH_USER_PATHS = NO;
				CLANG_ANALYZER_NONNULL = YES;
				CLANG_ANALYZER_NUMBER_OBJECT_CONVERSION = YES_AGGRESSIVE;
				CLANG_CXX_LANGUAGE_STANDARD = "gnu++14";
				CLANG_CXX_LIBRARY = "libc++";
				CLANG_ENABLE_MODULES = YES;
				CLANG_ENABLE_OBJC_ARC = YES;
				CLANG_ENABLE_OBJC_WEAK = YES;
				CLANG_WARN_BLOCK_CAPTURE_AUTORELEASING = YES;
				CLANG_WARN_BOOL_CONVERSION = YES;
				CLANG_WARN_COMMA = YES;
				CLANG_WARN_CONSTANT_CONVERSION = YES;
				CLANG_WARN_DEPRECATED_OBJC_IMPLEMENTATIONS = YES;
				CLANG_WARN_DIRECT_OBJC_ISA_USAGE = YES_ERROR;
				CLANG_WARN_DOCUMENTATION_COMMENTS = YES;
				CLANG_WARN_EMPTY_BODY = YES;
				CLANG_WARN_ENUM_CONVERSION = YES;
				CLANG_WARN_INFINITE_RECURSION = YES;
				CLANG_WARN_INT_CONVERSION = YES;
				CLANG_WARN_NON_LITERAL_NULL_CONVERSION = YES;
				CLANG_WARN_OBJC_IMPLICIT_RETAIN_SELF = YES;
				CLANG_WARN_OBJC_LITERAL_CONVERSION = YES;
				CLANG_WARN_OBJC_ROOT_CLASS = YES_ERROR;
				CLANG_WARN_QUOTED_INCLUDE_IN_FRAMEWORK_HEADER = YES;
				CLANG_WARN_RANGE_LOOP_ANALYSIS = YES;
				CLANG_WARN_STRICT_PROTOTYPES = YES;
				CLANG_WARN_SUSPICIOUS_MOVE = YES;
				CLANG_WARN_UNGUARDED_AVAILABILITY = YES_AGGRESSIVE;
				CLANG_WARN_UNREACHABLE_CODE = YES;
				CLANG_WARN__DUPLICATE_METHOD_MATCH = YES;
				COPY_PHASE_STRIP = NO;
				DEBUG_INFORMATION_FORMAT = dwarf;
				ENABLE_STRICT_OBJC_MSGSEND = YES;
				ENABLE_TESTABILITY = YES;
				GCC_C_LANGUAGE_STANDARD = gnu11;
				GCC_DYNAMIC_NO_PIC = NO;
				GCC_NO_COMMON_BLOCKS = YES;
				GCC_OPTIMIZATION_LEVEL = 0;
				GCC_PREPROCESSOR_DEFINITIONS = (
					"DEBUG=1",
					"$(inherited)",
				);
				GCC_WARN_64_TO_32_BIT_CONVERSION = YES;
				GCC_WARN_ABOUT_RETURN_TYPE = YES_ERROR;
				GCC_WARN_UNDECLARED_SELECTOR = YES;
				GCC_WARN_UNINITIALIZED_AUTOS = YES_AGGRESSIVE;
				GCC_WARN_UNUSED_FUNCTION = YES;
				GCC_WARN_UNUSED_VARIABLE = YES;
				IPHONEOS_DEPLOYMENT_TARGET = 15.0;
				MTL_ENABLE_DEBUG_INFO = INCLUDE_SOURCE;
				MTL_FAST_MATH = YES;
				ONLY_ACTIVE_ARCH = YES;
				SDKROOT = iphoneos;
				SWIFT_ACTIVE_COMPILATION_CONDITIONS = DEBUG;
				SWIFT_OPTIMIZATION_LEVEL = "-Onone";
			};
			name = Debug;
		};
		3445F69F26A6EB0F00765994 /* Release */ = {
			isa = XCBuildConfiguration;
			buildSettings = {
				ALWAYS_SEARCH_USER_PATHS = NO;
				CLANG_ANALYZER_NONNULL = YES;
				CLANG_ANALYZER_NUMBER_OBJECT_CONVERSION = YES_AGGRESSIVE;
				CLANG_CXX_LANGUAGE_STANDARD = "gnu++14";
				CLANG_CXX_LIBRARY = "libc++";
				CLANG_ENABLE_MODULES = YES;
				CLANG_ENABLE_OBJC_ARC = YES;
				CLANG_ENABLE_OBJC_WEAK = YES;
				CLANG_WARN_BLOCK_CAPTURE_AUTORELEASING = YES;
				CLANG_WARN_BOOL_CONVERSION = YES;
				CLANG_WARN_COMMA = YES;
				CLANG_WARN_CONSTANT_CONVERSION = YES;
				CLANG_WARN_DEPRECATED_OBJC_IMPLEMENTATIONS = YES;
				CLANG_WARN_DIRECT_OBJC_ISA_USAGE = YES_ERROR;
				CLANG_WARN_DOCUMENTATION_COMMENTS = YES;
				CLANG_WARN_EMPTY_BODY = YES;
				CLANG_WARN_ENUM_CONVERSION = YES;
				CLANG_WARN_INFINITE_RECURSION = YES;
				CLANG_WARN_INT_CONVERSION = YES;
				CLANG_WARN_NON_LITERAL_NULL_CONVERSION = YES;
				CLANG_WARN_OBJC_IMPLICIT_RETAIN_SELF = YES;
				CLANG_WARN_OBJC_LITERAL_CONVERSION = YES;
				CLANG_WARN_OBJC_ROOT_CLASS = YES_ERROR;
				CLANG_WARN_QUOTED_INCLUDE_IN_FRAMEWORK_HEADER = YES;
				CLANG_WARN_RANGE_LOOP_ANALYSIS = YES;
				CLANG_WARN_STRICT_PROTOTYPES = YES;
				CLANG_WARN_SUSPICIOUS_MOVE = YES;
				CLANG_WARN_UNGUARDED_AVAILABILITY = YES_AGGRESSIVE;
				CLANG_WARN_UNREACHABLE_CODE = YES;
				CLANG_WARN__DUPLICATE_METHOD_MATCH = YES;
				COPY_PHASE_STRIP = NO;
				DEBUG_INFORMATION_FORMAT = "dwarf-with-dsym";
				ENABLE_NS_ASSERTIONS = NO;
				ENABLE_STRICT_OBJC_MSGSEND = YES;
				GCC_C_LANGUAGE_STANDARD = gnu11;
				GCC_NO_COMMON_BLOCKS = YES;
				GCC_WARN_64_TO_32_BIT_CONVERSION = YES;
				GCC_WARN_ABOUT_RETURN_TYPE = YES_ERROR;
				GCC_WARN_UNDECLARED_SELECTOR = YES;
				GCC_WARN_UNINITIALIZED_AUTOS = YES_AGGRESSIVE;
				GCC_WARN_UNUSED_FUNCTION = YES;
				GCC_WARN_UNUSED_VARIABLE = YES;
				IPHONEOS_DEPLOYMENT_TARGET = 15.0;
				MTL_ENABLE_DEBUG_INFO = NO;
				MTL_FAST_MATH = YES;
				SDKROOT = iphoneos;
				SWIFT_COMPILATION_MODE = wholemodule;
				SWIFT_OPTIMIZATION_LEVEL = "-O";
				VALIDATE_PRODUCT = YES;
			};
			name = Release;
		};
		3445F6A126A6EB0F00765994 /* Debug */ = {
			isa = XCBuildConfiguration;
			buildSettings = {
				ASSETCATALOG_COMPILER_APPICON_NAME = AppIcon;
				ASSETCATALOG_COMPILER_GLOBAL_ACCENT_COLOR_NAME = AccentColor;
				CODE_SIGN_STYLE = Automatic;
				CURRENT_PROJECT_VERSION = 1;
				DEVELOPMENT_TEAM = WQ33LA2JZ5;
				GENERATE_INFOPLIST_FILE = YES;
				INFOPLIST_FILE = "youtube-onedaybuild/Info.plist";
				INFOPLIST_KEY_UIApplicationSupportsIndirectInputEvents = YES;
				INFOPLIST_KEY_UILaunchStoryboardName = LaunchScreen;
				INFOPLIST_KEY_UIMainStoryboardFile = Main;
				INFOPLIST_KEY_UISupportedInterfaceOrientations_iPad = "UIInterfaceOrientationPortrait UIInterfaceOrientationPortraitUpsideDown UIInterfaceOrientationLandscapeLeft UIInterfaceOrientationLandscapeRight";
				INFOPLIST_KEY_UISupportedInterfaceOrientations_iPhone = "UIInterfaceOrientationPortrait UIInterfaceOrientationLandscapeLeft UIInterfaceOrientationLandscapeRight";
				LD_RUNPATH_SEARCH_PATHS = (
					"$(inherited)",
					"@executable_path/Frameworks",
				);
				MARKETING_VERSION = 1.0;
				PRODUCT_BUNDLE_IDENTIFIER = "com.obrienser.youtube-onedaybuild";
				PRODUCT_NAME = "$(TARGET_NAME)";
				SWIFT_EMIT_LOC_STRINGS = YES;
				SWIFT_VERSION = 5.0;
				TARGETED_DEVICE_FAMILY = "1,2";
			};
			name = Debug;
		};
		3445F6A226A6EB0F00765994 /* Release */ = {
			isa = XCBuildConfiguration;
			buildSettings = {
				ASSETCATALOG_COMPILER_APPICON_NAME = AppIcon;
				ASSETCATALOG_COMPILER_GLOBAL_ACCENT_COLOR_NAME = AccentColor;
				CODE_SIGN_STYLE = Automatic;
				CURRENT_PROJECT_VERSION = 1;
				DEVELOPMENT_TEAM = WQ33LA2JZ5;
				GENERATE_INFOPLIST_FILE = YES;
				INFOPLIST_FILE = "youtube-onedaybuild/Info.plist";
				INFOPLIST_KEY_UIApplicationSupportsIndirectInputEvents = YES;
				INFOPLIST_KEY_UILaunchStoryboardName = LaunchScreen;
				INFOPLIST_KEY_UIMainStoryboardFile = Main;
				INFOPLIST_KEY_UISupportedInterfaceOrientations_iPad = "UIInterfaceOrientationPortrait UIInterfaceOrientationPortraitUpsideDown UIInterfaceOrientationLandscapeLeft UIInterfaceOrientationLandscapeRight";
				INFOPLIST_KEY_UISupportedInterfaceOrientations_iPhone = "UIInterfaceOrientationPortrait UIInterfaceOrientationLandscapeLeft UIInterfaceOrientationLandscapeRight";
				LD_RUNPATH_SEARCH_PATHS = (
					"$(inherited)",
					"@executable_path/Frameworks",
				);
				MARKETING_VERSION = 1.0;
				PRODUCT_BUNDLE_IDENTIFIER = "com.obrienser.youtube-onedaybuild";
				PRODUCT_NAME = "$(TARGET_NAME)";
				SWIFT_EMIT_LOC_STRINGS = YES;
				SWIFT_VERSION = 5.0;
				TARGETED_DEVICE_FAMILY = "1,2";
			};
			name = Release;
		};
/* End XCBuildConfiguration section */

/* Begin XCConfigurationList section */
		3445F68726A6EB0D00765994 /* Build configuration list for PBXProject "youtube-onedaybuild" */ = {
			isa = XCConfigurationList;
			buildConfigurations = (
				3445F69E26A6EB0F00765994 /* Debug */,
				3445F69F26A6EB0F00765994 /* Release */,
			);
			defaultConfigurationIsVisible = 0;
			defaultConfigurationName = Release;
		};
		3445F6A026A6EB0F00765994 /* Build configuration list for PBXNativeTarget "youtube-onedaybuild" */ = {
			isa = XCConfigurationList;
			buildConfigurations = (
				3445F6A126A6EB0F00765994 /* Debug */,
				3445F6A226A6EB0F00765994 /* Release */,
			);
			defaultConfigurationIsVisible = 0;
			defaultConfigurationName = Release;
		};
/* End XCConfigurationList section */
	};
	rootObject = 3445F68426A6EB0D00765994 /* Project object */;
}
